
Microsoft Visual Studio Solution File, Format Version 12.00
# Visual Studio Version 17
VisualStudioVersion = 17.7.34024.191
MinimumVisualStudioVersion = 10.0.40219.1
Project("{8BC9CEB8-8B4A-11D0-8D11-00A0C91BC942}") = "NLP2", "NLP2\NLP2.vcxproj", "{854A3E8E-CC62-4C79-AC01-5E0CC6208552}"
EndProject
Global
	GlobalSection(SolutionConfigurationPlatforms) = preSolution
		Debug|x64 = Debug|x64
		Debug|x86 = Debug|x86
		Release|x64 = Release|x64
		Release|x86 = Release|x86
	EndGlobalSection
	GlobalSection(ProjectConfigurationPlatforms) = postSolution
		{854A3E8E-CC62-4C79-AC01-5E0CC6208552}.Debug|x64.ActiveCfg = Debug|x64
		{854A3E8E-CC62-4C79-AC01-5E0CC6208552}.Debug|x64.Build.0 = Debug|x64
		{854A3E8E-CC62-4C79-AC01-5E0CC6208552}.Debug|x86.ActiveCfg = Debug|Win32
		{854A3E8E-CC62-4C79-AC01-5E0CC6208552}.Debug|x86.Build.0 = Debug|Win32
		{854A3E8E-CC62-4C79-AC01-5E0CC6208552}.Release|x64.ActiveCfg = Release|x64
		{854A3E8E-CC62-4C79-AC01-5E0CC6208552}.Release|x64.Build.0 = Release|x64
		{854A3E8E-CC62-4C79-AC01-5E0CC6208552}.Release|x86.ActiveCfg = Release|Win32
		{854A3E8E-CC62-4C79-AC01-5E0CC6208552}.Release|x86.Build.0 = Release|Win32
	EndGlobalSection
	GlobalSection(SolutionProperties) = preSolution
		HideSolutionNode = FALSE
	EndGlobalSection
	GlobalSection(ExtensibilityGlobals) = postSolution
		SolutionGuid = {1D1B3A26-0D46-4EDD-B888-B3649E221C86}
	EndGlobalSection
EndGlobal
